
Microsoft Visual Studio Solution File, Format Version 12.00
# Visual Studio Version 17
VisualStudioVersion = 17.14.36212.18 d17.14
MinimumVisualStudioVersion = 10.0.40219.1
Project("{FAE04EC0-301F-11D3-BF4B-00C04F79EFBC}") = "ltitestapp", "ltitestapp.csproj", "{051422B2-EF54-4E83-BD13-2916EE690528}"
EndProject
Global
	GlobalSection(SolutionConfigurationPlatforms) = preSolution
		Debug|Any CPU = Debug|Any CPU
		Release|Any CPU = Release|Any CPU
	EndGlobalSection
	GlobalSection(ProjectConfigurationPlatforms) = postSolution
		{051422B2-EF54-4E83-BD13-2916EE690528}.Debug|Any CPU.ActiveCfg = Debug|Any CPU
		{051422B2-EF54-4E83-BD13-2916EE690528}.Debug|Any CPU.Build.0 = Debug|Any CPU
		{051422B2-EF54-4E83-BD13-2916EE690528}.Release|Any CPU.ActiveCfg = Release|Any CPU
		{051422B2-EF54-4E83-BD13-2916EE690528}.Release|Any CPU.Build.0 = Release|Any CPU
	EndGlobalSection
	GlobalSection(SolutionProperties) = preSolution
		HideSolutionNode = FALSE
	EndGlobalSection
	GlobalSection(ExtensibilityGlobals) = postSolution
		SolutionGuid = {877CA0AD-AA6F-45F4-934E-6C4A6C1A1AFA}
	EndGlobalSection
EndGlobal
